{
  "name": "Cyber-security",
  "lockfileVersion": 2,
  "requires": true,
  "packages": {
    "": {
      "dependencies": {
        "iso-3166-1-alpha-2": "^1.0.1"
      }
    },
    "node_modules/iso-3166-1-alpha-2": {
      "version": "1.0.1",
      "resolved": "https://registry.npmjs.org/iso-3166-1-alpha-2/-/iso-3166-1-alpha-2-1.0.1.tgz",
      "integrity": "sha512-hehv4FOIieRgJ4+AOdRptTB0wD6nSX85O731hGin0ZbLCyeQ+rVMtvUPBnsnjJCDgG5jCRtU4wGHXE85lSJk9Q==",
      "dependencies": {
        "mout": "^1.2.3"
      }
    },
    "node_modules/mout": {
      "version": "1.2.4",
      "resolved": "https://registry.npmjs.org/mout/-/mout-1.2.4.tgz",
      "integrity": "sha512-mZb9uOruMWgn/fw28DG4/yE3Kehfk1zKCLhuDU2O3vlKdnBBr4XaOCqVTflJ5aODavGUPqFHZgrFX3NJVuxGhQ=="
    }
  },
  "dependencies": {
    "iso-3166-1-alpha-2": {
      "version": "1.0.1",
      "resolved": "https://registry.npmjs.org/iso-3166-1-alpha-2/-/iso-3166-1-alpha-2-1.0.1.tgz",
      "integrity": "sha512-hehv4FOIieRgJ4+AOdRptTB0wD6nSX85O731hGin0ZbLCyeQ+rVMtvUPBnsnjJCDgG5jCRtU4wGHXE85lSJk9Q==",
      "requires": {
        "mout": "^1.2.3"
      }
    },
    "mout": {
      "version": "1.2.4",
      "resolved": "https://registry.npmjs.org/mout/-/mout-1.2.4.tgz",
      "integrity": "sha512-mZb9uOruMWgn/fw28DG4/yE3Kehfk1zKCLhuDU2O3vlKdnBBr4XaOCqVTflJ5aODavGUPqFHZgrFX3NJVuxGhQ=="
    }
  }
}
